
Microsoft Visual Studio Solution File, Format Version 12.00
# Visual Studio Version 17
VisualStudioVersion = 17.7.34024.191
MinimumVisualStudioVersion = 10.0.40219.1
Project("{FAE04EC0-301F-11D3-BF4B-00C04F79EFBC}") = "T3_Llanos_Carlos", "T3_Llanos_Carlos\T3_Llanos_Carlos.csproj", "{7623BF9D-E37D-4ACF-BE56-2D453EEE684B}"
EndProject
Global
	GlobalSection(SolutionConfigurationPlatforms) = preSolution
		Debug|Any CPU = Debug|Any CPU
		Release|Any CPU = Release|Any CPU
	EndGlobalSection
	GlobalSection(ProjectConfigurationPlatforms) = postSolution
		{7623BF9D-E37D-4ACF-BE56-2D453EEE684B}.Debug|Any CPU.ActiveCfg = Debug|Any CPU
		{7623BF9D-E37D-4ACF-BE56-2D453EEE684B}.Debug|Any CPU.Build.0 = Debug|Any CPU
		{7623BF9D-E37D-4ACF-BE56-2D453EEE684B}.Release|Any CPU.ActiveCfg = Release|Any CPU
		{7623BF9D-E37D-4ACF-BE56-2D453EEE684B}.Release|Any CPU.Build.0 = Release|Any CPU
	EndGlobalSection
	GlobalSection(SolutionProperties) = preSolution
		HideSolutionNode = FALSE
	EndGlobalSection
	GlobalSection(ExtensibilityGlobals) = postSolution
		SolutionGuid = {875B0C53-675E-43E8-93F1-C65F24825F07}
	EndGlobalSection
EndGlobal
